// !$*UTF8*$!
{
	archiveVersion = 1;
	classes = {
	};
	objectVersion = 50;
	objects = {

/* Begin PBXBuildFile section */
		2266E74B22A5443100CF6AB9 /* AppDelegate.swift in Sources */ = {isa = PBXBuildFile; fileRef = 2266E74A22A5443100CF6AB9 /* AppDelegate.swift */; };
		2266E74D22A5443100CF6AB9 /* ViewController.swift in Sources */ = {isa = PBXBuildFile; fileRef = 2266E74C22A5443100CF6AB9 /* ViewController.swift */; };
		2266E75022A5443100CF6AB9 /* Main.storyboard in Resources */ = {isa = PBXBuildFile; fileRef = 2266E74E22A5443100CF6AB9 /* Main.storyboard */; };
		2266E75222A5443600CF6AB9 /* Assets.xcassets in Resources */ = {isa = PBXBuildFile; fileRef = 2266E75122A5443600CF6AB9 /* Assets.xcassets */; };
		2266E75522A5443600CF6AB9 /* LaunchScreen.storyboard in Resources */ = {isa = PBXBuildFile; fileRef = 2266E75322A5443600CF6AB9 /* LaunchScreen.storyboard */; };
		2266E75D22A5449000CF6AB9 /* CardViewController.xib in Resources */ = {isa = PBXBuildFile; fileRef = 2266E75C22A5449000CF6AB9 /* CardViewController.xib */; };
		2266E75F22A5450900CF6AB9 /* CardViewController.swift in Sources */ = {isa = PBXBuildFile; fileRef = 2266E75E22A5450900CF6AB9 /* CardViewController.swift */; };
/* End PBXBuildFile section */

/* Begin PBXFileReference section */
		2266E74722A5443100CF6AB9 /* Medium-popover.app */ = {isa = PBXFileReference; explicitFileType = wrapper.application; includeInIndex = 0; path = "Medium-popover.app"; sourceTree = BUILT_PRODUCTS_DIR; };
		2266E74A22A5443100CF6AB9 /* AppDelegate.swift */ = {isa = PBXFileReference; lastKnownFileType = sourcecode.swift; path = AppDelegate.swift; sourceTree = "<group>"; };
		2266E74C22A5443100CF6AB9 /* ViewController.swift */ = {isa = PBXFileReference; lastKnownFileType = sourcecode.swift; path = ViewController.swift; sourceTree = "<group>"; };
		2266E74F22A5443100CF6AB9 /* Base */ = {isa = PBXFileReference; lastKnownFileType = file.storyboard; name = Base; path = Base.lproj/Main.storyboard; sourceTree = "<group>"; };
		2266E75122A5443600CF6AB9 /* Assets.xcassets */ = {isa = PBXFileReference; lastKnownFileType = folder.assetcatalog; path = Assets.xcassets; sourceTree = "<group>"; };
		2266E75422A5443600CF6AB9 /* Base */ = {isa = PBXFileReference; lastKnownFileType = file.storyboard; name = Base; path = Base.lproj/LaunchScreen.storyboard; sourceTree = "<group>"; };
		2266E75622A5443600CF6AB9 /* Info.plist */ = {isa = PBXFileReference; lastKnownFileType = text.plist.xml; path = Info.plist; sourceTree = "<group>"; };
		2266E75C22A5449000CF6AB9 /* CardViewController.xib */ = {isa = PBXFileReference; lastKnownFileType = file.xib; path = CardViewController.xib; sourceTree = "<group>"; };
		2266E75E22A5450900CF6AB9 /* CardViewController.swift */ = {isa = PBXFileReference; lastKnownFileType = sourcecode.swift; path = CardViewController.swift; sourceTree = "<group>"; };
/* End PBXFileReference section */

/* Begin PBXFrameworksBuildPhase section */
		2266E74422A5443100CF6AB9 /* Frameworks */ = {
			isa = PBXFrameworksBuildPhase;
			buildActionMask = 2147483647;
			files = (
			);
			runOnlyForDeploymentPostprocessing = 0;
		};
/* End PBXFrameworksBuildPhase section */

/* Begin PBXGroup section */
		2266E73E22A5443100CF6AB9 = {
			isa = PBXGroup;
			children = (
				2266E74922A5443100CF6AB9 /* Medium-popover */,
				2266E74822A5443100CF6AB9 /* Products */,
			);
			sourceTree = "<group>";
		};
		2266E74822A5443100CF6AB9 /* Products */ = {
			isa = PBXGroup;
			children = (
				2266E74722A5443100CF6AB9 /* Medium-popover.app */,
			);
			name = Products;
			sourceTree = "<group>";
		};
		2266E74922A5443100CF6AB9 /* Medium-popover */ = {
			isa = PBXGroup;
			children = (
				2266E74A22A5443100CF6AB9 /* AppDelegate.swift */,
				2266E74C22A5443100CF6AB9 /* ViewController.swift */,
				2266E75C22A5449000CF6AB9 /* CardViewController.xib */,
				2266E75E22A5450900CF6AB9 /* CardViewController.swift */,
				2266E74E22A5443100CF6AB9 /* Main.storyboard */,
				2266E75122A5443600CF6AB9 /* Assets.xcassets */,
				2266E75322A5443600CF6AB9 /* LaunchScreen.storyboard */,
				2266E75622A5443600CF6AB9 /* Info.plist */,
			);
			path = "Medium-popover";
			sourceTree = "<group>";
		};
/* End PBXGroup section */

/* Begin PBXNativeTarget section */
		2266E74622A5443100CF6AB9 /* Medium-popover */ = {
			isa = PBXNativeTarget;
			buildConfigurationList = 2266E75922A5443600CF6AB9 /* Build configuration list for PBXNativeTarget "Medium-popover" */;
			buildPhases = (
				2266E74322A5443100CF6AB9 /* Sources */,
				2266E74422A5443100CF6AB9 /* Frameworks */,
				2266E74522A5443100CF6AB9 /* Resources */,
			);
			buildRules = (
			);
			dependencies = (
			);
			name = "Medium-popover";
			productName = "Medium-popover";
			productReference = 2266E74722A5443100CF6AB9 /* Medium-popover.app */;
			productType = "com.apple.product-type.application";
		};
/* End PBXNativeTarget section */

/* Begin PBXProject section */
		2266E73F22A5443100CF6AB9 /* Project object */ = {
			isa = PBXProject;
			attributes = {
				LastSwiftUpdateCheck = 1020;
				LastUpgradeCheck = 1020;
				ORGANIZATIONNAME = "Henry Goodwin";
				TargetAttributes = {
					2266E74622A5443100CF6AB9 = {
						CreatedOnToolsVersion = 10.2.1;
					};
				};
			};
			buildConfigurationList = 2266E74222A5443100CF6AB9 /* Build configuration list for PBXProject "Medium-popover" */;
			compatibilityVersion = "Xcode 9.3";
			developmentRegion = en;
			hasScannedForEncodings = 0;
			knownRegions = (
				en,
				Base,
			);
			mainGroup = 2266E73E22A5443100CF6AB9;
			productRefGroup = 2266E74822A5443100CF6AB9 /* Products */;
			projectDirPath = "";
			projectRoot = "";
			targets = (
				2266E74622A5443100CF6AB9 /* Medium-popover */,
			);
		};
/* End PBXProject section */

/* Begin PBXResourcesBuildPhase section */
		2266E74522A5443100CF6AB9 /* Resources */ = {
			isa = PBXResourcesBuildPhase;
			buildActionMask = 2147483647;
			files = (
				2266E75D22A5449000CF6AB9 /* CardViewController.xib in Resources */,
				2266E75522A5443600CF6AB9 /* LaunchScreen.storyboard in Resources */,
				2266E75222A5443600CF6AB9 /* Assets.xcassets in Resources */,
				2266E75022A5443100CF6AB9 /* Main.storyboard in Resources */,
			);
			runOnlyForDeploymentPostprocessing = 0;
		};
/* End PBXResourcesBuildPhase section */

/* Begin PBXSourcesBuildPhase section */
		2266E74322A5443100CF6AB9 /* Sources */ = {
			isa = PBXSourcesBuildPhase;
			buildActionMask = 2147483647;
			files = (
				2266E74D22A5443100CF6AB9 /* ViewController.swift in Sources */,
				2266E74B22A5443100CF6AB9 /* AppDelegate.swift in Sources */,
				2266E75F22A5450900CF6AB9 /* CardViewController.swift in Sources */,
			);
			runOnlyForDeploymentPostprocessing = 0;
		};
/* End PBXSourcesBuildPhase section */

/* Begin PBXVariantGroup section */
		2266E74E22A5443100CF6AB9 /* Main.storyboard */ = {
			isa = PBXVariantGroup;
			children = (
				2266E74F22A5443100CF6AB9 /* Base */,
			);
			name = Main.storyboard;
			sourceTree = "<group>";
		};
		2266E75322A5443600CF6AB9 /* LaunchScreen.storyboard */ = {
			isa = PBXVariantGroup;
			children = (
				2266E75422A5443600CF6AB9 /* Base */,
			);
			name = LaunchScreen.storyboard;
			sourceTree = "<group>";
		};
/* End PBXVariantGroup section */

/* Begin XCBuildConfiguration section */
		2266E75722A5443600CF6AB9 /* Debug */ = {
			isa = XCBuildConfiguration;
			buildSettings = {
				ALWAYS_SEARCH_USER_PATHS = NO;
				CLANG_ANALYZER_NONNULL = YES;
				CLANG_ANALYZER_NUMBER_OBJECT_CONVERSION = YES_AGGRESSIVE;
				CLANG_CXX_LANGUAGE_STANDARD = "gnu++14";
				CLANG_CXX_LIBRARY = "libc++";
				CLANG_ENABLE_MODULES = YES;
				CLANG_ENABLE_OBJC_ARC = YES;
				CLANG_ENABLE_OBJC_WEAK = YES;
				CLANG_WARN_BLOCK_CAPTURE_AUTORELEASING = YES;
				CLANG_WARN_BOOL_CONVERSION = YES;
				CLANG_WARN_COMMA = YES;
				CLANG_WARN_CONSTANT_CONVERSION = YES;
				CLANG_WARN_DEPRECATED_OBJC_IMPLEMENTATIONS = YES;
				CLANG_WARN_DIRECT_OBJC_ISA_USAGE = YES_ERROR;
				CLANG_WARN_DOCUMENTATION_COMMENTS = YES;
				CLANG_WARN_EMPTY_BODY = YES;
				CLANG_WARN_ENUM_CONVERSION = YES;
				CLANG_WARN_INFINITE_RECURSION = YES;
				CLANG_WARN_INT_CONVERSION = YES;
				CLANG_WARN_NON_LITERAL_NULL_CONVERSION = YES;
				CLANG_WARN_OBJC_IMPLICIT_RETAIN_SELF = YES;
				CLANG_WARN_OBJC_LITERAL_CONVERSION = YES;
				CLANG_WARN_OBJC_ROOT_CLASS = YES_ERROR;
				CLANG_WARN_RANGE_LOOP_ANALYSIS = YES;
				CLANG_WARN_STRICT_PROTOTYPES = YES;
				CLANG_WARN_SUSPICIOUS_MOVE = YES;
				CLANG_WARN_UNGUARDED_AVAILABILITY = YES_AGGRESSIVE;
				CLANG_WARN_UNREACHABLE_CODE = YES;
				CLANG_WARN__DUPLICATE_METHOD_MATCH = YES;
				CODE_SIGN_IDENTITY = "iPhone Developer";
				COPY_PHASE_STRIP = NO;
				DEBUG_INFORMATION_FORMAT = dwarf;
				ENABLE_STRICT_OBJC_MSGSEND = YES;
				ENABLE_TESTABILITY = YES;
				GCC_C_LANGUAGE_STANDARD = gnu11;
				GCC_DYNAMIC_NO_PIC = NO;
				GCC_NO_COMMON_BLOCKS = YES;
				GCC_OPTIMIZATION_LEVEL = 0;
				GCC_PREPROCESSOR_DEFINITIONS = (
					"DEBUG=1",
					"$(inherited)",
				);
				GCC_WARN_64_TO_32_BIT_CONVERSION = YES;
				GCC_WARN_ABOUT_RETURN_TYPE = YES_ERROR;
				GCC_WARN_UNDECLARED_SELECTOR = YES;
				GCC_WARN_UNINITIALIZED_AUTOS = YES_AGGRESSIVE;
				GCC_WARN_UNUSED_FUNCTION = YES;
				GCC_WARN_UNUSED_VARIABLE = YES;
				IPHONEOS_DEPLOYMENT_TARGET = 12.2;
				MTL_ENABLE_DEBUG_INFO = INCLUDE_SOURCE;
				MTL_FAST_MATH = YES;
				ONLY_ACTIVE_ARCH = YES;
				SDKROOT = iphoneos;
				SWIFT_ACTIVE_COMPILATION_CONDITIONS = DEBUG;
				SWIFT_OPTIMIZATION_LEVEL = "-Onone";
			};
			name = Debug;
		};
		2266E75822A5443600CF6AB9 /* Release */ = {
			isa = XCBuildConfiguration;
			buildSettings = {
				ALWAYS_SEARCH_USER_PATHS = NO;
				CLANG_ANALYZER_NONNULL = YES;
				CLANG_ANALYZER_NUMBER_OBJECT_CONVERSION = YES_AGGRESSIVE;
				CLANG_CXX_LANGUAGE_STANDARD = "gnu++14";
				CLANG_CXX_LIBRARY = "libc++";
				CLANG_ENABLE_MODULES = YES;
				CLANG_ENABLE_OBJC_ARC = YES;
				CLANG_ENABLE_OBJC_WEAK = YES;
				CLANG_WARN_BLOCK_CAPTURE_AUTORELEASING = YES;
				CLANG_WARN_BOOL_CONVERSION = YES;
				CLANG_WARN_COMMA = YES;
				CLANG_WARN_CONSTANT_CONVERSION = YES;
				CLANG_WARN_DEPRECATED_OBJC_IMPLEMENTATIONS = YES;
				CLANG_WARN_DIRECT_OBJC_ISA_USAGE = YES_ERROR;
				CLANG_WARN_DOCUMENTATION_COMMENTS = YES;
				CLANG_WARN_EMPTY_BODY = YES;
				CLANG_WARN_ENUM_CONVERSION = YES;
				CLANG_WARN_INFINITE_RECURSION = YES;
				CLANG_WARN_INT_CONVERSION = YES;
				CLANG_WARN_NON_LITERAL_NULL_CONVERSION = YES;
				CLANG_WARN_OBJC_IMPLICIT_RETAIN_SELF = YES;
				CLANG_WARN_OBJC_LITERAL_CONVERSION = YES;
				CLANG_WARN_OBJC_ROOT_CLASS = YES_ERROR;
				CLANG_WARN_RANGE_LOOP_ANALYSIS = YES;
				CLANG_WARN_STRICT_PROTOTYPES = YES;
				CLANG_WARN_SUSPICIOUS_MOVE = YES;
				CLANG_WARN_UNGUARDED_AVAILABILITY = YES_AGGRESSIVE;
				CLANG_WARN_UNREACHABLE_CODE = YES;
				CLANG_WARN__DUPLICATE_METHOD_MATCH = YES;
				CODE_SIGN_IDENTITY = "iPhone Developer";
				COPY_PHASE_STRIP = NO;
				DEBUG_INFORMATION_FORMAT = "dwarf-with-dsym";
				ENABLE_NS_ASSERTIONS = NO;
				ENABLE_STRICT_OBJC_MSGSEND = YES;
				GCC_C_LANGUAGE_STANDARD = gnu11;
				GCC_NO_COMMON_BLOCKS = YES;
				GCC_WARN_64_TO_32_BIT_CONVERSION = YES;
				GCC_WARN_ABOUT_RETURN_TYPE = YES_ERROR;
				GCC_WARN_UNDECLARED_SELECTOR = YES;
				GCC_WARN_UNINITIALIZED_AUTOS = YES_AGGRESSIVE;
				GCC_WARN_UNUSED_FUNCTION = YES;
				GCC_WARN_UNUSED_VARIABLE = YES;
				IPHONEOS_DEPLOYMENT_TARGET = 12.2;
				MTL_ENABLE_DEBUG_INFO = NO;
				MTL_FAST_MATH = YES;
				SDKROOT = iphoneos;
				SWIFT_COMPILATION_MODE = wholemodule;
				SWIFT_OPTIMIZATION_LEVEL = "-O";
				VALIDATE_PRODUCT = YES;
			};
			name = Release;
		};
		2266E75A22A5443600CF6AB9 /* Debug */ = {
			isa = XCBuildConfiguration;
			buildSettings = {
				ASSETCATALOG_COMPILER_APPICON_NAME = AppIcon;
				CODE_SIGN_STYLE = Automatic;
				DEVELOPMENT_TEAM = 8Q69TTNW38;
				INFOPLIST_FILE = "Medium-popover/Info.plist";
				LD_RUNPATH_SEARCH_PATHS = (
					"$(inherited)",
					"@executable_path/Frameworks",
				);
				PRODUCT_BUNDLE_IDENTIFIER = "Henry-Goodwin.Medium-popover";
				PRODUCT_NAME = "$(TARGET_NAME)";
				SWIFT_VERSION = 5.0;
				TARGETED_DEVICE_FAMILY = "1,2";
			};
			name = Debug;
		};
		2266E75B22A5443600CF6AB9 /* Release */ = {
			isa = XCBuildConfiguration;
			buildSettings = {
				ASSETCATALOG_COMPILER_APPICON_NAME = AppIcon;
				CODE_SIGN_STYLE = Automatic;
				DEVELOPMENT_TEAM = 8Q69TTNW38;
				INFOPLIST_FILE = "Medium-popover/Info.plist";
				LD_RUNPATH_SEARCH_PATHS = (
					"$(inherited)",
					"@executable_path/Frameworks",
				);
				PRODUCT_BUNDLE_IDENTIFIER = "Henry-Goodwin.Medium-popover";
				PRODUCT_NAME = "$(TARGET_NAME)";
				SWIFT_VERSION = 5.0;
				TARGETED_DEVICE_FAMILY = "1,2";
			};
			name = Release;
		};
/* End XCBuildConfiguration section */

/* Begin XCConfigurationList section */
		2266E74222A5443100CF6AB9 /* Build configuration list for PBXProject "Medium-popover" */ = {
			isa = XCConfigurationList;
			buildConfigurations = (
				2266E75722A5443600CF6AB9 /* Debug */,
				2266E75822A5443600CF6AB9 /* Release */,
			);
			defaultConfigurationIsVisible = 0;
			defaultConfigurationName = Release;
		};
		2266E75922A5443600CF6AB9 /* Build configuration list for PBXNativeTarget "Medium-popover" */ = {
			isa = XCConfigurationList;
			buildConfigurations = (
				2266E75A22A5443600CF6AB9 /* Debug */,
				2266E75B22A5443600CF6AB9 /* Release */,
			);
			defaultConfigurationIsVisible = 0;
			defaultConfigurationName = Release;
		};
/* End XCConfigurationList section */
	};
	rootObject = 2266E73F22A5443100CF6AB9 /* Project object */;
}
